
Microsoft Visual Studio Solution File, Format Version 12.00
Project("{FAE04EC0-301F-11D3-BF4B-00C04F79EFBC}") = "MVCExerciseCSharp-50", "MVCExerciseCSharp-50\MVCExerciseCSharp-50.csproj", "{C0CCC9FD-5263-4EF1-81D0-6B2E90A5C070}"
EndProject
Global
	GlobalSection(SolutionConfigurationPlatforms) = preSolution
		Debug|Any CPU = Debug|Any CPU
		Release|Any CPU = Release|Any CPU
	EndGlobalSection
	GlobalSection(ProjectConfigurationPlatforms) = postSolution
		{C0CCC9FD-5263-4EF1-81D0-6B2E90A5C070}.Debug|Any CPU.ActiveCfg = Debug|Any CPU
		{C0CCC9FD-5263-4EF1-81D0-6B2E90A5C070}.Debug|Any CPU.Build.0 = Debug|Any CPU
		{C0CCC9FD-5263-4EF1-81D0-6B2E90A5C070}.Release|Any CPU.ActiveCfg = Release|Any CPU
		{C0CCC9FD-5263-4EF1-81D0-6B2E90A5C070}.Release|Any CPU.Build.0 = Release|Any CPU
	EndGlobalSection
EndGlobal
